<?xml version="1.0" encoding="utf-8"?>
<Project ToolsVersion="4.0" xmlns="http://schemas.microsoft.com/developer/msbuild/2003">
  <ItemGroup>
    <Filter Include="源文件">
      <UniqueIdentifier>{4FC737F1-C7A5-4376-A066-2A32D752A2FF}</UniqueIdentifier>
      <Extensions>cpp;c;cc;cxx;def;odl;idl;hpj;bat;asm;asmx</Extensions>
    </Filter>
    <Filter Include="头文件">
      <UniqueIdentifier>{93995380-89BD-4b04-88EB-625FBE52EBFB}</UniqueIdentifier>
      <Extensions>h;hh;hpp;hxx;hm;inl;inc;xsd</Extensions>
    </Filter>
    <Filter Include="资源文件">
      <UniqueIdentifier>{67DA6AB6-F800-4c08-8B7A-83BB121AAD01}</UniqueIdentifier>
      <Extensions>rc;ico;cur;bmp;dlg;rc2;rct;bin;rgs;gif;jpg;jpeg;jpe;resx;tiff;tif;png;wav;mfcribbon-ms</Extensions>
    </Filter>
  </ItemGroup>
  <ItemGroup>
    <ClCompile Include="main.cpp">
      <Filter>源文件</Filter>
    </ClCompile>
    <ClCompile Include="Animation.cpp">
      <Filter>源文件</Filter>
    </ClCompile>
    <ClCompile Include="player.cpp">
      <Filter>源文件</Filter>
    </ClCompile>
    <ClCompile Include="npc.cpp">
      <Filter>源文件</Filter>
    </ClCompile>
    <ClCompile Include="item_skill.cpp">
      <Filter>源文件</Filter>
    </ClCompile>
    <ClCompile Include="Map.cpp">
      <Filter>源文件</Filter>
    </ClCompile>
    <ClCompile Include="statusmenu.cpp">
      <Filter>源文件</Filter>
    </ClCompile>
    <ClCompile Include="panel.cpp">
      <Filter>源文件</Filter>
    </ClCompile>
    <ClCompile Include="task.cpp">
      <Filter>源文件</Filter>
    </ClCompile>
    <ClCompile Include="fight.cpp">
      <Filter>源文件</Filter>
    </ClCompile>
    <ClCompile Include="save.cpp">
      <Filter>源文件</Filter>
    </ClCompile>
    <ClCompile Include="shop.cpp">
      <Filter>源文件</Filter>
    </ClCompile>
    <ClCompile Include="teleporter.cpp">
      <Filter>源文件</Filter>
    </ClCompile>
    <ClCompile Include="FightNpc.cpp">
      <Filter>源文件</Filter>
    </ClCompile>
    <ClCompile Include="evenNPC.cpp">
      <Filter>源文件</Filter>
    </ClCompile>
    <ClCompile Include="Astar.cpp">
      <Filter>源文件</Filter>
    </ClCompile>
    <ClCompile Include="Enemy.cpp">
      <Filter>源文件</Filter>
    </ClCompile>
  </ItemGroup>
  <ItemGroup>
    <ClInclude Include="head.h">
      <Filter>头文件</Filter>
    </ClInclude>
    <ClInclude Include="Map.h">
      <Filter>头文件</Filter>
    </ClInclude>
    <ClInclude Include="Npc.h">
      <Filter>头文件</Filter>
    </ClInclude>
    <ClInclude Include="Player.h">
      <Filter>头文件</Filter>
    </ClInclude>
    <ClInclude Include="Task.h">
      <Filter>头文件</Filter>
    </ClInclude>
    <ClInclude Include="Game.h">
      <Filter>头文件</Filter>
    </ClInclude>
    <ClInclude Include="Panel.h">
      <Filter>头文件</Filter>
    </ClInclude>
    <ClInclude Include="Item.h">
      <Filter>头文件</Filter>
    </ClInclude>
    <ClInclude Include="Skill.h">
      <Filter>头文件</Filter>
    </ClInclude>
    <ClInclude Include="Enemy.h">
      <Filter>头文件</Filter>
    </ClInclude>
    <ClInclude Include="Status.h">
      <Filter>头文件</Filter>
    </ClInclude>
    <ClInclude Include="Animation.h">
      <Filter>头文件</Filter>
    </ClInclude>
    <ClInclude Include="Fight.h">
      <Filter>头文件</Filter>
    </ClInclude>
    <ClInclude Include="music.h">
      <Filter>头文件</Filter>
    </ClInclude>
    <ClInclude Include="save.h">
      <Filter>头文件</Filter>
    </ClInclude>
    <ClInclude Include="shop.h">
      <Filter>头文件</Filter>
    </ClInclude>
    <ClInclude Include="Teleporter.h">
      <Filter>头文件</Filter>
    </ClInclude>
    <ClInclude Include="FightNpc.h">
      <Filter>头文件</Filter>
    </ClInclude>
    <ClInclude Include="evenNPC.h">
      <Filter>头文件</Filter>
    </ClInclude>
    <ClInclude Include="Astar.h">
      <Filter>头文件</Filter>
    </ClInclude>
    <ClInclude Include="astarstruc.h">
      <Filter>头文件</Filter>
    </ClInclude>
  </ItemGroup>
  <ItemGroup>
    <Image Include="block1.bmp">
      <Filter>资源文件</Filter>
    </Image>
    <Image Include="Image.bmp">
      <Filter>资源文件</Filter>
    </Image>
  </ItemGroup>
</Project>